
Microsoft Visual Studio Solution File, Format Version 12.00
# Visual Studio Version 17
VisualStudioVersion = 17.0.31903.59
MinimumVisualStudioVersion = 10.0.40219.1
Project("{FAE04EC0-301F-11D3-BF4B-00C04F79EFBC}") = "EdgeHop.Core", "EdgeHop.Core\EdgeHop.Core.csproj", "{47777122-7A5A-46BA-B0EC-168FCFB6732E}"
EndProject
Project("{FAE04EC0-301F-11D3-BF4B-00C04F79EFBC}") = "EdgeHop.Mcp", "EdgeHop.Mcp\EdgeHop.Mcp.csproj", "{4745A395-44F8-4CE7-936A-F170D327AEC7}"
EndProject
Project("{FAE04EC0-301F-11D3-BF4B-00C04F79EFBC}") = "EdgeHop.Tests", "tests\EdgeHop.Tests\EdgeHop.Tests.csproj", "{DB10B274-B1E4-4851-8351-33B9227AA93F}"
EndProject
Project("{FAE04EC0-301F-11D3-BF4B-00C04F79EFBC}") = "EdgeHop.Cli", "EdgeHop.Cli\EdgeHop.Cli.csproj", "{859C5C5E-C625-419B-BFB9-5DCB8DABAAF3}"
EndProject
Project("{2150E333-8FDC-42A3-9474-1A3956D46DE8}") = "Backends", "Backends", "{81267934-4FE5-6C83-B806-5B06E723B05C}"
EndProject
Project("{FAE04EC0-301F-11D3-BF4B-00C04F79EFBC}") = "EdgeHop.Sqlite", "Backends\EdgeHop.Sqlite\EdgeHop.Sqlite.csproj", "{352450C7-A04D-4251-AC52-2294E53089A8}"
EndProject
Project("{FAE04EC0-301F-11D3-BF4B-00C04F79EFBC}") = "EdgeHop.Neo4j", "Backends\EdgeHop.Neo4j\EdgeHop.Neo4j.csproj", "{B0DEE17F-701C-40A2-AF11-B0178EBB3599}"
EndProject
Project("{FAE04EC0-301F-11D3-BF4B-00C04F79EFBC}") = "EdgeHop.Neo4j.Tests", "tests\EdgeHop.Neo4j.Tests\EdgeHop.Neo4j.Tests.csproj", "{311DDEB3-7B6C-447E-B6BD-E80ECC1AB1B3}"
EndProject
Project("{2150E333-8FDC-42A3-9474-1A3956D46DE8}") = "Extractors", "Extractors", "{D46E185B-2925-774A-3BF5-50BB3EE1024A}"
EndProject
Project("{FAE04EC0-301F-11D3-BF4B-00C04F79EFBC}") = "EdgeHop.Roslyn", "Extractors\EdgeHop.Roslyn\EdgeHop.Roslyn.csproj", "{DA5B9C99-BD63-4E89-B8C5-9844D657B0DA}"
EndProject
Project("{FAE04EC0-301F-11D3-BF4B-00C04F79EFBC}") = "EdgeHop.Indexer", "EdgeHop.Indexer\EdgeHop.Indexer.csproj", "{34880B6D-966F-4DC0-B80C-0E209453E081}"
EndProject
Project("{FAE04EC0-301F-11D3-BF4B-00C04F79EFBC}") = "EdgeHop.Oxc", "Extractors\EdgeHop.Oxc\EdgeHop.Oxc.csproj", "{590969DC-F7A6-4368-986D-D78F0A0A306C}"
EndProject
Global
	GlobalSection(SolutionConfigurationPlatforms) = preSolution
		Debug|Any CPU = Debug|Any CPU
		Debug|x64 = Debug|x64
		Debug|x86 = Debug|x86
		Release|Any CPU = Release|Any CPU
		Release|x64 = Release|x64
		Release|x86 = Release|x86
	EndGlobalSection
	GlobalSection(ProjectConfigurationPlatforms) = postSolution
		{47777122-7A5A-46BA-B0EC-168FCFB6732E}.Debug|Any CPU.ActiveCfg = Debug|Any CPU
		{47777122-7A5A-46BA-B0EC-168FCFB6732E}.Debug|Any CPU.Build.0 = Debug|Any CPU
		{47777122-7A5A-46BA-B0EC-168FCFB6732E}.Debug|x64.ActiveCfg = Debug|Any CPU
		{47777122-7A5A-46BA-B0EC-168FCFB6732E}.Debug|x64.Build.0 = Debug|Any CPU
		{47777122-7A5A-46BA-B0EC-168FCFB6732E}.Debug|x86.ActiveCfg = Debug|Any CPU
		{47777122-7A5A-46BA-B0EC-168FCFB6732E}.Debug|x86.Build.0 = Debug|Any CPU
		{47777122-7A5A-46BA-B0EC-168FCFB6732E}.Release|Any CPU.ActiveCfg = Release|Any CPU
		{47777122-7A5A-46BA-B0EC-168FCFB6732E}.Release|Any CPU.Build.0 = Release|Any CPU
		{47777122-7A5A-46BA-B0EC-168FCFB6732E}.Release|x64.ActiveCfg = Release|Any CPU
		{47777122-7A5A-46BA-B0EC-168FCFB6732E}.Release|x64.Build.0 = Release|Any CPU
		{47777122-7A5A-46BA-B0EC-168FCFB6732E}.Release|x86.ActiveCfg = Release|Any CPU
		{47777122-7A5A-46BA-B0EC-168FCFB6732E}.Release|x86.Build.0 = Release|Any CPU
		{4745A395-44F8-4CE7-936A-F170D327AEC7}.Debug|Any CPU.ActiveCfg = Debug|Any CPU
		{4745A395-44F8-4CE7-936A-F170D327AEC7}.Debug|Any CPU.Build.0 = Debug|Any CPU
		{4745A395-44F8-4CE7-936A-F170D327AEC7}.Debug|x64.ActiveCfg = Debug|Any CPU
		{4745A395-44F8-4CE7-936A-F170D327AEC7}.Debug|x64.Build.0 = Debug|Any CPU
		{4745A395-44F8-4CE7-936A-F170D327AEC7}.Debug|x86.ActiveCfg = Debug|Any CPU
		{4745A395-44F8-4CE7-936A-F170D327AEC7}.Debug|x86.Build.0 = Debug|Any CPU
		{4745A395-44F8-4CE7-936A-F170D327AEC7}.Release|Any CPU.ActiveCfg = Release|Any CPU
		{4745A395-44F8-4CE7-936A-F170D327AEC7}.Release|Any CPU.Build.0 = Release|Any CPU
		{4745A395-44F8-4CE7-936A-F170D327AEC7}.Release|x64.ActiveCfg = Release|Any CPU
		{4745A395-44F8-4CE7-936A-F170D327AEC7}.Release|x64.Build.0 = Release|Any CPU
		{4745A395-44F8-4CE7-936A-F170D327AEC7}.Release|x86.ActiveCfg = Release|Any CPU
		{4745A395-44F8-4CE7-936A-F170D327AEC7}.Release|x86.Build.0 = Release|Any CPU
		{DB10B274-B1E4-4851-8351-33B9227AA93F}.Debug|Any CPU.ActiveCfg = Debug|Any CPU
		{DB10B274-B1E4-4851-8351-33B9227AA93F}.Debug|Any CPU.Build.0 = Debug|Any CPU
		{DB10B274-B1E4-4851-8351-33B9227AA93F}.Debug|x64.ActiveCfg = Debug|Any CPU
		{DB10B274-B1E4-4851-8351-33B9227AA93F}.Debug|x64.Build.0 = Debug|Any CPU
		{DB10B274-B1E4-4851-8351-33B9227AA93F}.Debug|x86.ActiveCfg = Debug|Any CPU
		{DB10B274-B1E4-4851-8351-33B9227AA93F}.Debug|x86.Build.0 = Debug|Any CPU
		{DB10B274-B1E4-4851-8351-33B9227AA93F}.Release|Any CPU.ActiveCfg = Release|Any CPU
		{DB10B274-B1E4-4851-8351-33B9227AA93F}.Release|Any CPU.Build.0 = Release|Any CPU
		{DB10B274-B1E4-4851-8351-33B9227AA93F}.Release|x64.ActiveCfg = Release|Any CPU
		{DB10B274-B1E4-4851-8351-33B9227AA93F}.Release|x64.Build.0 = Release|Any CPU
		{DB10B274-B1E4-4851-8351-33B9227AA93F}.Release|x86.ActiveCfg = Release|Any CPU
		{DB10B274-B1E4-4851-8351-33B9227AA93F}.Release|x86.Build.0 = Release|Any CPU
		{859C5C5E-C625-419B-BFB9-5DCB8DABAAF3}.Debug|Any CPU.ActiveCfg = Debug|Any CPU
		{859C5C5E-C625-419B-BFB9-5DCB8DABAAF3}.Debug|Any CPU.Build.0 = Debug|Any CPU
		{859C5C5E-C625-419B-BFB9-5DCB8DABAAF3}.Debug|x64.ActiveCfg = Debug|Any CPU
		{859C5C5E-C625-419B-BFB9-5DCB8DABAAF3}.Debug|x64.Build.0 = Debug|Any CPU
		{859C5C5E-C625-419B-BFB9-5DCB8DABAAF3}.Debug|x86.ActiveCfg = Debug|Any CPU
		{859C5C5E-C625-419B-BFB9-5DCB8DABAAF3}.Debug|x86.Build.0 = Debug|Any CPU
		{859C5C5E-C625-419B-BFB9-5DCB8DABAAF3}.Release|Any CPU.ActiveCfg = Release|Any CPU
		{859C5C5E-C625-419B-BFB9-5DCB8DABAAF3}.Release|Any CPU.Build.0 = Release|Any CPU
		{859C5C5E-C625-419B-BFB9-5DCB8DABAAF3}.Release|x64.ActiveCfg = Release|Any CPU
		{859C5C5E-C625-419B-BFB9-5DCB8DABAAF3}.Release|x64.Build.0 = Release|Any CPU
		{859C5C5E-C625-419B-BFB9-5DCB8DABAAF3}.Release|x86.ActiveCfg = Release|Any CPU
		{859C5C5E-C625-419B-BFB9-5DCB8DABAAF3}.Release|x86.Build.0 = Release|Any CPU
		{352450C7-A04D-4251-AC52-2294E53089A8}.Debug|Any CPU.ActiveCfg = Debug|Any CPU
		{352450C7-A04D-4251-AC52-2294E53089A8}.Debug|Any CPU.Build.0 = Debug|Any CPU
		{352450C7-A04D-4251-AC52-2294E53089A8}.Debug|x64.ActiveCfg = Debug|Any CPU
		{352450C7-A04D-4251-AC52-2294E53089A8}.Debug|x64.Build.0 = Debug|Any CPU
		{352450C7-A04D-4251-AC52-2294E53089A8}.Debug|x86.ActiveCfg = Debug|Any CPU
		{352450C7-A04D-4251-AC52-2294E53089A8}.Debug|x86.Build.0 = Debug|Any CPU
		{352450C7-A04D-4251-AC52-2294E53089A8}.Release|Any CPU.ActiveCfg = Release|Any CPU
		{352450C7-A04D-4251-AC52-2294E53089A8}.Release|Any CPU.Build.0 = Release|Any CPU
		{352450C7-A04D-4251-AC52-2294E53089A8}.Release|x64.ActiveCfg = Release|Any CPU
		{352450C7-A04D-4251-AC52-2294E53089A8}.Release|x64.Build.0 = Release|Any CPU
		{352450C7-A04D-4251-AC52-2294E53089A8}.Release|x86.ActiveCfg = Release|Any CPU
		{352450C7-A04D-4251-AC52-2294E53089A8}.Release|x86.Build.0 = Release|Any CPU
		{B0DEE17F-701C-40A2-AF11-B0178EBB3599}.Debug|Any CPU.ActiveCfg = Debug|Any CPU
		{B0DEE17F-701C-40A2-AF11-B0178EBB3599}.Debug|Any CPU.Build.0 = Debug|Any CPU
		{B0DEE17F-701C-40A2-AF11-B0178EBB3599}.Debug|x64.ActiveCfg = Debug|Any CPU
		{B0DEE17F-701C-40A2-AF11-B0178EBB3599}.Debug|x64.Build.0 = Debug|Any CPU
		{B0DEE17F-701C-40A2-AF11-B0178EBB3599}.Debug|x86.ActiveCfg = Debug|Any CPU
		{B0DEE17F-701C-40A2-AF11-B0178EBB3599}.Debug|x86.Build.0 = Debug|Any CPU
		{B0DEE17F-701C-40A2-AF11-B0178EBB3599}.Release|Any CPU.ActiveCfg = Release|Any CPU
		{B0DEE17F-701C-40A2-AF11-B0178EBB3599}.Release|Any CPU.Build.0 = Release|Any CPU
		{B0DEE17F-701C-40A2-AF11-B0178EBB3599}.Release|x64.ActiveCfg = Release|Any CPU
		{B0DEE17F-701C-40A2-AF11-B0178EBB3599}.Release|x64.Build.0 = Release|Any CPU
		{B0DEE17F-701C-40A2-AF11-B0178EBB3599}.Release|x86.ActiveCfg = Release|Any CPU
		{B0DEE17F-701C-40A2-AF11-B0178EBB3599}.Release|x86.Build.0 = Release|Any CPU
		{311DDEB3-7B6C-447E-B6BD-E80ECC1AB1B3}.Debug|Any CPU.ActiveCfg = Debug|Any CPU
		{311DDEB3-7B6C-447E-B6BD-E80ECC1AB1B3}.Debug|Any CPU.Build.0 = Debug|Any CPU
		{311DDEB3-7B6C-447E-B6BD-E80ECC1AB1B3}.Debug|x64.ActiveCfg = Debug|Any CPU
		{311DDEB3-7B6C-447E-B6BD-E80ECC1AB1B3}.Debug|x64.Build.0 = Debug|Any CPU
		{311DDEB3-7B6C-447E-B6BD-E80ECC1AB1B3}.Debug|x86.ActiveCfg = Debug|Any CPU
		{311DDEB3-7B6C-447E-B6BD-E80ECC1AB1B3}.Debug|x86.Build.0 = Debug|Any CPU
		{311DDEB3-7B6C-447E-B6BD-E80ECC1AB1B3}.Release|Any CPU.ActiveCfg = Release|Any CPU
		{311DDEB3-7B6C-447E-B6BD-E80ECC1AB1B3}.Release|Any CPU.Build.0 = Release|Any CPU
		{311DDEB3-7B6C-447E-B6BD-E80ECC1AB1B3}.Release|x64.ActiveCfg = Release|Any CPU
		{311DDEB3-7B6C-447E-B6BD-E80ECC1AB1B3}.Release|x64.Build.0 = Release|Any CPU
		{311DDEB3-7B6C-447E-B6BD-E80ECC1AB1B3}.Release|x86.ActiveCfg = Release|Any CPU
		{311DDEB3-7B6C-447E-B6BD-E80ECC1AB1B3}.Release|x86.Build.0 = Release|Any CPU
		{DA5B9C99-BD63-4E89-B8C5-9844D657B0DA}.Debug|Any CPU.ActiveCfg = Debug|Any CPU
		{DA5B9C99-BD63-4E89-B8C5-9844D657B0DA}.Debug|Any CPU.Build.0 = Debug|Any CPU
		{DA5B9C99-BD63-4E89-B8C5-9844D657B0DA}.Debug|x64.ActiveCfg = Debug|Any CPU
		{DA5B9C99-BD63-4E89-B8C5-9844D657B0DA}.Debug|x64.Build.0 = Debug|Any CPU
		{DA5B9C99-BD63-4E89-B8C5-9844D657B0DA}.Debug|x86.ActiveCfg = Debug|Any CPU
		{DA5B9C99-BD63-4E89-B8C5-9844D657B0DA}.Debug|x86.Build.0 = Debug|Any CPU
		{DA5B9C99-BD63-4E89-B8C5-9844D657B0DA}.Release|Any CPU.ActiveCfg = Release|Any CPU
		{DA5B9C99-BD63-4E89-B8C5-9844D657B0DA}.Release|Any CPU.Build.0 = Release|Any CPU
		{DA5B9C99-BD63-4E89-B8C5-9844D657B0DA}.Release|x64.ActiveCfg = Release|Any CPU
		{DA5B9C99-BD63-4E89-B8C5-9844D657B0DA}.Release|x64.Build.0 = Release|Any CPU
		{DA5B9C99-BD63-4E89-B8C5-9844D657B0DA}.Release|x86.ActiveCfg = Release|Any CPU
		{DA5B9C99-BD63-4E89-B8C5-9844D657B0DA}.Release|x86.Build.0 = Release|Any CPU
		{34880B6D-966F-4DC0-B80C-0E209453E081}.Debug|Any CPU.ActiveCfg = Debug|Any CPU
		{34880B6D-966F-4DC0-B80C-0E209453E081}.Debug|Any CPU.Build.0 = Debug|Any CPU
		{34880B6D-966F-4DC0-B80C-0E209453E081}.Debug|x64.ActiveCfg = Debug|Any CPU
		{34880B6D-966F-4DC0-B80C-0E209453E081}.Debug|x64.Build.0 = Debug|Any CPU
		{34880B6D-966F-4DC0-B80C-0E209453E081}.Debug|x86.ActiveCfg = Debug|Any CPU
		{34880B6D-966F-4DC0-B80C-0E209453E081}.Debug|x86.Build.0 = Debug|Any CPU
		{34880B6D-966F-4DC0-B80C-0E209453E081}.Release|Any CPU.ActiveCfg = Release|Any CPU
		{34880B6D-966F-4DC0-B80C-0E209453E081}.Release|Any CPU.Build.0 = Release|Any CPU
		{34880B6D-966F-4DC0-B80C-0E209453E081}.Release|x64.ActiveCfg = Release|Any CPU
		{34880B6D-966F-4DC0-B80C-0E209453E081}.Release|x64.Build.0 = Release|Any CPU
		{34880B6D-966F-4DC0-B80C-0E209453E081}.Release|x86.ActiveCfg = Release|Any CPU
		{34880B6D-966F-4DC0-B80C-0E209453E081}.Release|x86.Build.0 = Release|Any CPU
		{590969DC-F7A6-4368-986D-D78F0A0A306C}.Debug|Any CPU.ActiveCfg = Debug|Any CPU
		{590969DC-F7A6-4368-986D-D78F0A0A306C}.Debug|Any CPU.Build.0 = Debug|Any CPU
		{590969DC-F7A6-4368-986D-D78F0A0A306C}.Debug|x64.ActiveCfg = Debug|Any CPU
		{590969DC-F7A6-4368-986D-D78F0A0A306C}.Debug|x64.Build.0 = Debug|Any CPU
		{590969DC-F7A6-4368-986D-D78F0A0A306C}.Debug|x86.ActiveCfg = Debug|Any CPU
		{590969DC-F7A6-4368-986D-D78F0A0A306C}.Debug|x86.Build.0 = Debug|Any CPU
		{590969DC-F7A6-4368-986D-D78F0A0A306C}.Release|Any CPU.ActiveCfg = Release|Any CPU
		{590969DC-F7A6-4368-986D-D78F0A0A306C}.Release|Any CPU.Build.0 = Release|Any CPU
		{590969DC-F7A6-4368-986D-D78F0A0A306C}.Release|x64.ActiveCfg = Release|Any CPU
		{590969DC-F7A6-4368-986D-D78F0A0A306C}.Release|x64.Build.0 = Release|Any CPU
		{590969DC-F7A6-4368-986D-D78F0A0A306C}.Release|x86.ActiveCfg = Release|Any CPU
		{590969DC-F7A6-4368-986D-D78F0A0A306C}.Release|x86.Build.0 = Release|Any CPU
	EndGlobalSection
	GlobalSection(SolutionProperties) = preSolution
		HideSolutionNode = FALSE
	EndGlobalSection
	GlobalSection(NestedProjects) = preSolution
		{352450C7-A04D-4251-AC52-2294E53089A8} = {81267934-4FE5-6C83-B806-5B06E723B05C}
		{B0DEE17F-701C-40A2-AF11-B0178EBB3599} = {81267934-4FE5-6C83-B806-5B06E723B05C}
		{DA5B9C99-BD63-4E89-B8C5-9844D657B0DA} = {D46E185B-2925-774A-3BF5-50BB3EE1024A}
		{590969DC-F7A6-4368-986D-D78F0A0A306C} = {D46E185B-2925-774A-3BF5-50BB3EE1024A}
	EndGlobalSection
EndGlobal
